
Microsoft Visual Studio Solution File, Format Version 12.00
Project("{FAE04EC0-301F-11D3-BF4B-00C04F79EFBC}") = "Arale.CodeGen.Models", "Arale.CodeGen.Models\Arale.CodeGen.Models.csproj", "{BB1FEC2E-D30A-4134-9E77-80D0BA7E8837}"
EndProject
Project("{FAE04EC0-301F-11D3-BF4B-00C04F79EFBC}") = "Arale.CodeGen.Services", "Arale.CodeGen.Services\Arale.CodeGen.Services.csproj", "{7D9B6597-998F-43A6-9134-BBE0C55BEADC}"
EndProject
Project("{FAE04EC0-301F-11D3-BF4B-00C04F79EFBC}") = "Arale.CodeGen.Api", "Arale.CodeGen.Api\Arale.CodeGen.Api.csproj", "{A18E4A40-2674-4272-8DD0-7A20A4FF08EF}"
EndProject
Project("{2150E333-8FDC-42A3-9474-1A3956D46DE8}") = "Solution Items", "Solution Items", "{BC716A09-6FBF-4850-8182-B5FDB44F1150}"
	ProjectSection(SolutionItems) = preProject
		compose.yaml = compose.yaml
	EndProjectSection
EndProject
Project("{FAE04EC0-301F-11D3-BF4B-00C04F79EFBC}") = "Arale.CodeGen.Commons", "Arale.CodeGen.Commons\Arale.CodeGen.Commons.csproj", "{E1845418-CE58-462E-B643-025C2CDFE395}"
EndProject
Project("{FAE04EC0-301F-11D3-BF4B-00C04F79EFBC}") = "Arale.CodeGen.Infrastructure", "Arale.CodeGen.Infrastructure\Arale.CodeGen.Infrastructure.csproj", "{C746159B-0EF3-4F64-96E6-C2C162839BDA}"
EndProject
Project("{FAE04EC0-301F-11D3-BF4B-00C04F79EFBC}") = "Arale.CodeGen.Extensions", "Arale.CodeGen.Extensions\Arale.CodeGen.Extensions.csproj", "{F868931A-5018-467A-AE4B-30BFA99DD3CE}"
EndProject
Project("{FAE04EC0-301F-11D3-BF4B-00C04F79EFBC}") = "Arale.CodeGen.Tests", "Arale.CodeGen.Tests\Arale.CodeGen.Tests.csproj", "{B99BA43D-F992-4FE8-9445-210B424807C6}"
EndProject
Global
	GlobalSection(SolutionConfigurationPlatforms) = preSolution
		Debug|Any CPU = Debug|Any CPU
		Release|Any CPU = Release|Any CPU
	EndGlobalSection
	GlobalSection(ProjectConfigurationPlatforms) = postSolution
		{BB1FEC2E-D30A-4134-9E77-80D0BA7E8837}.Debug|Any CPU.ActiveCfg = Debug|Any CPU
		{BB1FEC2E-D30A-4134-9E77-80D0BA7E8837}.Debug|Any CPU.Build.0 = Debug|Any CPU
		{BB1FEC2E-D30A-4134-9E77-80D0BA7E8837}.Release|Any CPU.ActiveCfg = Release|Any CPU
		{BB1FEC2E-D30A-4134-9E77-80D0BA7E8837}.Release|Any CPU.Build.0 = Release|Any CPU
		{7D9B6597-998F-43A6-9134-BBE0C55BEADC}.Debug|Any CPU.ActiveCfg = Debug|Any CPU
		{7D9B6597-998F-43A6-9134-BBE0C55BEADC}.Debug|Any CPU.Build.0 = Debug|Any CPU
		{7D9B6597-998F-43A6-9134-BBE0C55BEADC}.Release|Any CPU.ActiveCfg = Release|Any CPU
		{7D9B6597-998F-43A6-9134-BBE0C55BEADC}.Release|Any CPU.Build.0 = Release|Any CPU
		{A18E4A40-2674-4272-8DD0-7A20A4FF08EF}.Debug|Any CPU.ActiveCfg = Debug|Any CPU
		{A18E4A40-2674-4272-8DD0-7A20A4FF08EF}.Debug|Any CPU.Build.0 = Debug|Any CPU
		{A18E4A40-2674-4272-8DD0-7A20A4FF08EF}.Release|Any CPU.ActiveCfg = Release|Any CPU
		{A18E4A40-2674-4272-8DD0-7A20A4FF08EF}.Release|Any CPU.Build.0 = Release|Any CPU
		{E1845418-CE58-462E-B643-025C2CDFE395}.Debug|Any CPU.ActiveCfg = Debug|Any CPU
		{E1845418-CE58-462E-B643-025C2CDFE395}.Debug|Any CPU.Build.0 = Debug|Any CPU
		{E1845418-CE58-462E-B643-025C2CDFE395}.Release|Any CPU.ActiveCfg = Release|Any CPU
		{E1845418-CE58-462E-B643-025C2CDFE395}.Release|Any CPU.Build.0 = Release|Any CPU
		{C746159B-0EF3-4F64-96E6-C2C162839BDA}.Debug|Any CPU.ActiveCfg = Debug|Any CPU
		{C746159B-0EF3-4F64-96E6-C2C162839BDA}.Debug|Any CPU.Build.0 = Debug|Any CPU
		{C746159B-0EF3-4F64-96E6-C2C162839BDA}.Release|Any CPU.ActiveCfg = Release|Any CPU
		{C746159B-0EF3-4F64-96E6-C2C162839BDA}.Release|Any CPU.Build.0 = Release|Any CPU
		{F868931A-5018-467A-AE4B-30BFA99DD3CE}.Debug|Any CPU.ActiveCfg = Debug|Any CPU
		{F868931A-5018-467A-AE4B-30BFA99DD3CE}.Debug|Any CPU.Build.0 = Debug|Any CPU
		{F868931A-5018-467A-AE4B-30BFA99DD3CE}.Release|Any CPU.ActiveCfg = Release|Any CPU
		{F868931A-5018-467A-AE4B-30BFA99DD3CE}.Release|Any CPU.Build.0 = Release|Any CPU
		{B99BA43D-F992-4FE8-9445-210B424807C6}.Debug|Any CPU.ActiveCfg = Debug|Any CPU
		{B99BA43D-F992-4FE8-9445-210B424807C6}.Debug|Any CPU.Build.0 = Debug|Any CPU
		{B99BA43D-F992-4FE8-9445-210B424807C6}.Release|Any CPU.ActiveCfg = Release|Any CPU
		{B99BA43D-F992-4FE8-9445-210B424807C6}.Release|Any CPU.Build.0 = Release|Any CPU
	EndGlobalSection
EndGlobal
